
Microsoft Visual Studio Solution File, Format Version 12.00
# Visual Studio Version 17
VisualStudioVersion = 17.4.33103.184
MinimumVisualStudioVersion = 10.0.40219.1
Project("{9A19103F-16F7-4668-BE54-9A1E7A4F7556}") = "AtomicMarketApiClient.Core", "AtomicMarketApiClient.Core\AtomicMarketApiClient.Core.csproj", "{47679C2D-F9A3-4AC4-84E7-289C77756895}"
EndProject
Project("{9A19103F-16F7-4668-BE54-9A1E7A4F7556}") = "AtomicMarketApiClient", "AtomicMarketApiClient\AtomicMarketApiClient.csproj", "{9AA6FD52-7114-480F-BEDA-F60D779B8191}"
EndProject
Project("{9A19103F-16F7-4668-BE54-9A1E7A4F7556}") = "AtomicMarketApiClient.Core.Test", "AtomicMarketApiClient.Core.Test\AtomicMarketApiClient.Core.Test.csproj", "{A85378FB-EACF-4922-BC7D-A053B47E4E9D}"
EndProject
Project("{9A19103F-16F7-4668-BE54-9A1E7A4F7556}") = "AtomicMarketApiClient.Test", "AtomicMarketApiClient.Test\AtomicMarketApiClient.Test.csproj", "{9E8FCD19-B297-4A84-AEC3-B051A128310A}"
EndProject
Project("{FAE04EC0-301F-11D3-BF4B-00C04F79EFBC}") = "AtomicMarketApiClient.Unity3D", "AtomicMarketApiClient.Unity3D\AtomicMarketApiClient.Unity3D.csproj", "{C960313B-8ECA-4CF2-9642-E7DD428D27A4}"
EndProject
Global
	GlobalSection(SolutionConfigurationPlatforms) = preSolution
		Debug|Any CPU = Debug|Any CPU
		Release|Any CPU = Release|Any CPU
	EndGlobalSection
	GlobalSection(ProjectConfigurationPlatforms) = postSolution
		{47679C2D-F9A3-4AC4-84E7-289C77756895}.Debug|Any CPU.ActiveCfg = Debug|Any CPU
		{47679C2D-F9A3-4AC4-84E7-289C77756895}.Debug|Any CPU.Build.0 = Debug|Any CPU
		{47679C2D-F9A3-4AC4-84E7-289C77756895}.Release|Any CPU.ActiveCfg = Release|Any CPU
		{47679C2D-F9A3-4AC4-84E7-289C77756895}.Release|Any CPU.Build.0 = Release|Any CPU
		{9AA6FD52-7114-480F-BEDA-F60D779B8191}.Debug|Any CPU.ActiveCfg = Debug|Any CPU
		{9AA6FD52-7114-480F-BEDA-F60D779B8191}.Debug|Any CPU.Build.0 = Debug|Any CPU
		{9AA6FD52-7114-480F-BEDA-F60D779B8191}.Release|Any CPU.ActiveCfg = Release|Any CPU
		{9AA6FD52-7114-480F-BEDA-F60D779B8191}.Release|Any CPU.Build.0 = Release|Any CPU
		{A85378FB-EACF-4922-BC7D-A053B47E4E9D}.Debug|Any CPU.ActiveCfg = Debug|Any CPU
		{A85378FB-EACF-4922-BC7D-A053B47E4E9D}.Debug|Any CPU.Build.0 = Debug|Any CPU
		{A85378FB-EACF-4922-BC7D-A053B47E4E9D}.Release|Any CPU.ActiveCfg = Release|Any CPU
		{A85378FB-EACF-4922-BC7D-A053B47E4E9D}.Release|Any CPU.Build.0 = Release|Any CPU
		{9E8FCD19-B297-4A84-AEC3-B051A128310A}.Debug|Any CPU.ActiveCfg = Debug|Any CPU
		{9E8FCD19-B297-4A84-AEC3-B051A128310A}.Debug|Any CPU.Build.0 = Debug|Any CPU
		{9E8FCD19-B297-4A84-AEC3-B051A128310A}.Release|Any CPU.ActiveCfg = Release|Any CPU
		{9E8FCD19-B297-4A84-AEC3-B051A128310A}.Release|Any CPU.Build.0 = Release|Any CPU
		{C960313B-8ECA-4CF2-9642-E7DD428D27A4}.Debug|Any CPU.ActiveCfg = Debug|Any CPU
		{C960313B-8ECA-4CF2-9642-E7DD428D27A4}.Debug|Any CPU.Build.0 = Debug|Any CPU
		{C960313B-8ECA-4CF2-9642-E7DD428D27A4}.Release|Any CPU.ActiveCfg = Release|Any CPU
		{C960313B-8ECA-4CF2-9642-E7DD428D27A4}.Release|Any CPU.Build.0 = Release|Any CPU
	EndGlobalSection
	GlobalSection(SolutionProperties) = preSolution
		HideSolutionNode = FALSE
	EndGlobalSection
	GlobalSection(ExtensibilityGlobals) = postSolution
		SolutionGuid = {C02A3018-682A-4734-A92C-40EFF52608C0}
	EndGlobalSection
EndGlobal
